// !$*UTF8*$!
{
	archiveVersion = 1;
	classes = {
	};
	objectVersion = 51;
	objects = {

/* Begin PBXBuildFile section */
		5EED0625968DBC3484BB824A /* Pods_SurveySystem.framework in Frameworks */ = {isa = PBXBuildFile; fileRef = 32597DCFDA079C8DB1555FFF /* Pods_SurveySystem.framework */; };
		9B2F3B3C25C9B01900B38EA0 /* NetworkingService.swift in Sources */ = {isa = PBXBuildFile; fileRef = 9B2F3B3B25C9B01900B38EA0 /* NetworkingService.swift */; };
		9B36F5D925CD702C007515DA /* ThankingViewController.swift in Sources */ = {isa = PBXBuildFile; fileRef = 9B36F5D825CD702C007515DA /* ThankingViewController.swift */; };
		9B39099A25CC91A700C79961 /* AddCommentViewController.swift in Sources */ = {isa = PBXBuildFile; fileRef = 9B39099925CC91A700C79961 /* AddCommentViewController.swift */; };
		9B3E67B525D01497007385EF /* HomeTableViewHeader.xib in Resources */ = {isa = PBXBuildFile; fileRef = 9B3E67B425D01497007385EF /* HomeTableViewHeader.xib */; };
		9B3E67B725D01500007385EF /* HomeTableViewHeader.swift in Sources */ = {isa = PBXBuildFile; fileRef = 9B3E67B625D01500007385EF /* HomeTableViewHeader.swift */; };
		9B3E67B925D02395007385EF /* HomeTableViewCell.swift in Sources */ = {isa = PBXBuildFile; fileRef = 9B3E67B825D02395007385EF /* HomeTableViewCell.swift */; };
		9B3E67BB25D023F5007385EF /* HomeTableViewCell.xib in Resources */ = {isa = PBXBuildFile; fileRef = 9B3E67BA25D023F5007385EF /* HomeTableViewCell.xib */; };
		9B41A34525CC16DA00AD7A3A /* UserControl.storyboard in Resources */ = {isa = PBXBuildFile; fileRef = 9B41A34425CC16DA00AD7A3A /* UserControl.storyboard */; };
		9B41A34A25CC1F9200AD7A3A /* HacenBeirutPoster.ttf in Resources */ = {isa = PBXBuildFile; fileRef = 9B41A34925CC1F9200AD7A3A /* HacenBeirutPoster.ttf */; };
		9B41A34C25CC550000AD7A3A /* RegisterAccountViewController.swift in Sources */ = {isa = PBXBuildFile; fileRef = 9B41A34B25CC550000AD7A3A /* RegisterAccountViewController.swift */; };
		9B41A34E25CC60E800AD7A3A /* HomeViewController.swift in Sources */ = {isa = PBXBuildFile; fileRef = 9B41A34D25CC60E800AD7A3A /* HomeViewController.swift */; };
		9B41A35125CC623200AD7A3A /* JF-Flat-Regular.ttf in Resources */ = {isa = PBXBuildFile; fileRef = 9B41A35025CC623200AD7A3A /* JF-Flat-Regular.ttf */; };
		9B41A35325CC628000AD7A3A /* din-next-lt-w23-regular.ttf in Resources */ = {isa = PBXBuildFile; fileRef = 9B41A35225CC628000AD7A3A /* din-next-lt-w23-regular.ttf */; };
		9B42981625CDF98600603F3F /* UIView+Extension.swift in Sources */ = {isa = PBXBuildFile; fileRef = 9B42981525CDF98600603F3F /* UIView+Extension.swift */; };
		9B7DCA9C25C9A52300687D45 /* AppDelegate.swift in Sources */ = {isa = PBXBuildFile; fileRef = 9B7DCA9B25C9A52300687D45 /* AppDelegate.swift */; };
		9B7DCA9E25C9A52300687D45 /* SceneDelegate.swift in Sources */ = {isa = PBXBuildFile; fileRef = 9B7DCA9D25C9A52300687D45 /* SceneDelegate.swift */; };
		9B7DCAA025C9A52300687D45 /* LoginViewController.swift in Sources */ = {isa = PBXBuildFile; fileRef = 9B7DCA9F25C9A52300687D45 /* LoginViewController.swift */; };
		9B7DCAA325C9A52300687D45 /* Main.storyboard in Resources */ = {isa = PBXBuildFile; fileRef = 9B7DCAA125C9A52300687D45 /* Main.storyboard */; };
		9B7DCAA525C9A52800687D45 /* Assets.xcassets in Resources */ = {isa = PBXBuildFile; fileRef = 9B7DCAA425C9A52800687D45 /* Assets.xcassets */; };
		9B7DCAA825C9A52800687D45 /* LaunchScreen.storyboard in Resources */ = {isa = PBXBuildFile; fileRef = 9B7DCAA625C9A52800687D45 /* LaunchScreen.storyboard */; };
		9BAEAB0025CD78710039DC19 /* SurveyViewController.swift in Sources */ = {isa = PBXBuildFile; fileRef = 9BAEAAFF25CD78710039DC19 /* SurveyViewController.swift */; };
		9BAEAB0225CD7BD30039DC19 /* UILabel+Extension.swift in Sources */ = {isa = PBXBuildFile; fileRef = 9BAEAB0125CD7BD30039DC19 /* UILabel+Extension.swift */; };
/* End PBXBuildFile section */

/* Begin PBXFileReference section */
		09E098C3E7998B480326AD61 /* Pods-SurveySystem.debug.xcconfig */ = {isa = PBXFileReference; includeInIndex = 1; lastKnownFileType = text.xcconfig; name = "Pods-SurveySystem.debug.xcconfig"; path = "Target Support Files/Pods-SurveySystem/Pods-SurveySystem.debug.xcconfig"; sourceTree = "<group>"; };
		15AAAE52881FF40425E6C744 /* Pods-SurveySystem.release.xcconfig */ = {isa = PBXFileReference; includeInIndex = 1; lastKnownFileType = text.xcconfig; name = "Pods-SurveySystem.release.xcconfig"; path = "Target Support Files/Pods-SurveySystem/Pods-SurveySystem.release.xcconfig"; sourceTree = "<group>"; };
		32597DCFDA079C8DB1555FFF /* Pods_SurveySystem.framework */ = {isa = PBXFileReference; explicitFileType = wrapper.framework; includeInIndex = 0; path = Pods_SurveySystem.framework; sourceTree = BUILT_PRODUCTS_DIR; };
		9B2F3B3B25C9B01900B38EA0 /* NetworkingService.swift */ = {isa = PBXFileReference; lastKnownFileType = sourcecode.swift; path = NetworkingService.swift; sourceTree = "<group>"; };
		9B36F5D825CD702C007515DA /* ThankingViewController.swift */ = {isa = PBXFileReference; lastKnownFileType = sourcecode.swift; path = ThankingViewController.swift; sourceTree = "<group>"; };
		9B39099925CC91A700C79961 /* AddCommentViewController.swift */ = {isa = PBXFileReference; lastKnownFileType = sourcecode.swift; path = AddCommentViewController.swift; sourceTree = "<group>"; };
		9B3E67B425D01497007385EF /* HomeTableViewHeader.xib */ = {isa = PBXFileReference; lastKnownFileType = file.xib; path = HomeTableViewHeader.xib; sourceTree = "<group>"; };
		9B3E67B625D01500007385EF /* HomeTableViewHeader.swift */ = {isa = PBXFileReference; lastKnownFileType = sourcecode.swift; path = HomeTableViewHeader.swift; sourceTree = "<group>"; };
		9B3E67B825D02395007385EF /* HomeTableViewCell.swift */ = {isa = PBXFileReference; lastKnownFileType = sourcecode.swift; path = HomeTableViewCell.swift; sourceTree = "<group>"; };
		9B3E67BA25D023F5007385EF /* HomeTableViewCell.xib */ = {isa = PBXFileReference; lastKnownFileType = file.xib; path = HomeTableViewCell.xib; sourceTree = "<group>"; };
		9B41A34425CC16DA00AD7A3A /* UserControl.storyboard */ = {isa = PBXFileReference; lastKnownFileType = file.storyboard; path = UserControl.storyboard; sourceTree = "<group>"; };
		9B41A34925CC1F9200AD7A3A /* HacenBeirutPoster.ttf */ = {isa = PBXFileReference; lastKnownFileType = file; path = HacenBeirutPoster.ttf; sourceTree = "<group>"; };
		9B41A34B25CC550000AD7A3A /* RegisterAccountViewController.swift */ = {isa = PBXFileReference; lastKnownFileType = sourcecode.swift; path = RegisterAccountViewController.swift; sourceTree = "<group>"; };
		9B41A34D25CC60E800AD7A3A /* HomeViewController.swift */ = {isa = PBXFileReference; lastKnownFileType = sourcecode.swift; path = HomeViewController.swift; sourceTree = "<group>"; };
		9B41A35025CC623200AD7A3A /* JF-Flat-Regular.ttf */ = {isa = PBXFileReference; lastKnownFileType = file; path = "JF-Flat-Regular.ttf"; sourceTree = "<group>"; };
		9B41A35225CC628000AD7A3A /* din-next-lt-w23-regular.ttf */ = {isa = PBXFileReference; lastKnownFileType = file; path = "din-next-lt-w23-regular.ttf"; sourceTree = "<group>"; };
		9B42981525CDF98600603F3F /* UIView+Extension.swift */ = {isa = PBXFileReference; lastKnownFileType = sourcecode.swift; path = "UIView+Extension.swift"; sourceTree = "<group>"; };
		9B7DCA9825C9A52300687D45 /* SurveySystem.app */ = {isa = PBXFileReference; explicitFileType = wrapper.application; includeInIndex = 0; path = SurveySystem.app; sourceTree = BUILT_PRODUCTS_DIR; };
		9B7DCA9B25C9A52300687D45 /* AppDelegate.swift */ = {isa = PBXFileReference; lastKnownFileType = sourcecode.swift; path = AppDelegate.swift; sourceTree = "<group>"; };
		9B7DCA9D25C9A52300687D45 /* SceneDelegate.swift */ = {isa = PBXFileReference; lastKnownFileType = sourcecode.swift; path = SceneDelegate.swift; sourceTree = "<group>"; };
		9B7DCA9F25C9A52300687D45 /* LoginViewController.swift */ = {isa = PBXFileReference; lastKnownFileType = sourcecode.swift; path = LoginViewController.swift; sourceTree = "<group>"; };
		9B7DCAA225C9A52300687D45 /* Base */ = {isa = PBXFileReference; lastKnownFileType = file.storyboard; name = Base; path = Base.lproj/Main.storyboard; sourceTree = "<group>"; };
		9B7DCAA425C9A52800687D45 /* Assets.xcassets */ = {isa = PBXFileReference; lastKnownFileType = folder.assetcatalog; path = Assets.xcassets; sourceTree = "<group>"; };
		9B7DCAA725C9A52800687D45 /* Base */ = {isa = PBXFileReference; lastKnownFileType = file.storyboard; name = Base; path = Base.lproj/LaunchScreen.storyboard; sourceTree = "<group>"; };
		9B7DCAA925C9A52800687D45 /* Info.plist */ = {isa = PBXFileReference; lastKnownFileType = text.plist.xml; path = Info.plist; sourceTree = "<group>"; };
		9BAEAAFF25CD78710039DC19 /* SurveyViewController.swift */ = {isa = PBXFileReference; lastKnownFileType = sourcecode.swift; path = SurveyViewController.swift; sourceTree = "<group>"; };
		9BAEAB0125CD7BD30039DC19 /* UILabel+Extension.swift */ = {isa = PBXFileReference; lastKnownFileType = sourcecode.swift; path = "UILabel+Extension.swift"; sourceTree = "<group>"; };
/* End PBXFileReference section */

/* Begin PBXFrameworksBuildPhase section */
		9B7DCA9525C9A52300687D45 /* Frameworks */ = {
			isa = PBXFrameworksBuildPhase;
			buildActionMask = 2147483647;
			files = (
				5EED0625968DBC3484BB824A /* Pods_SurveySystem.framework in Frameworks */,
			);
			runOnlyForDeploymentPostprocessing = 0;
		};
/* End PBXFrameworksBuildPhase section */

/* Begin PBXGroup section */
		865AFE8BCC67AFA77B1E4376 /* Pods */ = {
			isa = PBXGroup;
			children = (
				09E098C3E7998B480326AD61 /* Pods-SurveySystem.debug.xcconfig */,
				15AAAE52881FF40425E6C744 /* Pods-SurveySystem.release.xcconfig */,
			);
			path = Pods;
			sourceTree = "<group>";
		};
		9B2F3B3125C9AD8400B38EA0 /* Models */ = {
			isa = PBXGroup;
			children = (
			);
			path = Models;
			sourceTree = "<group>";
		};
		9B2F3B3225C9AD9000B38EA0 /* Networking */ = {
			isa = PBXGroup;
			children = (
				9B2F3B3B25C9B01900B38EA0 /* NetworkingService.swift */,
			);
			path = Networking;
			sourceTree = "<group>";
		};
		9B2F3B3325C9AD9800B38EA0 /* Controllers */ = {
			isa = PBXGroup;
			children = (
				9B41A34D25CC60E800AD7A3A /* HomeViewController.swift */,
				9B41A34F25CC611800AD7A3A /* Survey */,
				9B41A34625CC17A400AD7A3A /* Auth */,
			);
			path = Controllers;
			sourceTree = "<group>";
		};
		9B2F3B3425C9ADA100B38EA0 /* Views */ = {
			isa = PBXGroup;
			children = (
				9B2F3B3625C9AE1600B38EA0 /* CustomViews */,
				9B2F3B3525C9ADCE00B38EA0 /* Storyboards */,
			);
			path = Views;
			sourceTree = "<group>";
		};
		9B2F3B3525C9ADCE00B38EA0 /* Storyboards */ = {
			isa = PBXGroup;
			children = (
				9B7DCAA125C9A52300687D45 /* Main.storyboard */,
				9B41A34425CC16DA00AD7A3A /* UserControl.storyboard */,
				9B7DCAA625C9A52800687D45 /* LaunchScreen.storyboard */,
			);
			path = Storyboards;
			sourceTree = "<group>";
		};
		9B2F3B3625C9AE1600B38EA0 /* CustomViews */ = {
			isa = PBXGroup;
			children = (
				9B2F3B3725C9AEDC00B38EA0 /* Cells */,
			);
			path = CustomViews;
			sourceTree = "<group>";
		};
		9B2F3B3725C9AEDC00B38EA0 /* Cells */ = {
			isa = PBXGroup;
			children = (
				9B3E67B425D01497007385EF /* HomeTableViewHeader.xib */,
				9B3E67B625D01500007385EF /* HomeTableViewHeader.swift */,
				9B3E67BA25D023F5007385EF /* HomeTableViewCell.xib */,
				9B3E67B825D02395007385EF /* HomeTableViewCell.swift */,
			);
			path = Cells;
			sourceTree = "<group>";
		};
		9B2F3B3825C9AF1000B38EA0 /* Resources */ = {
			isa = PBXGroup;
			children = (
				9B2F3B3925C9AF2100B38EA0 /* Fonts */,
			);
			path = Resources;
			sourceTree = "<group>";
		};
		9B2F3B3925C9AF2100B38EA0 /* Fonts */ = {
			isa = PBXGroup;
			children = (
				9B41A34925CC1F9200AD7A3A /* HacenBeirutPoster.ttf */,
				9B41A35025CC623200AD7A3A /* JF-Flat-Regular.ttf */,
				9B41A35225CC628000AD7A3A /* din-next-lt-w23-regular.ttf */,
			);
			path = Fonts;
			sourceTree = "<group>";
		};
		9B2F3B3A25C9AF3700B38EA0 /* Extentions */ = {
			isa = PBXGroup;
			children = (
				9BAEAB0125CD7BD30039DC19 /* UILabel+Extension.swift */,
				9B42981525CDF98600603F3F /* UIView+Extension.swift */,
			);
			path = Extentions;
			sourceTree = "<group>";
		};
		9B41A34625CC17A400AD7A3A /* Auth */ = {
			isa = PBXGroup;
			children = (
				9B7DCA9F25C9A52300687D45 /* LoginViewController.swift */,
				9B41A34B25CC550000AD7A3A /* RegisterAccountViewController.swift */,
			);
			path = Auth;
			sourceTree = "<group>";
		};
		9B41A34F25CC611800AD7A3A /* Survey */ = {
			isa = PBXGroup;
			children = (
				9B39099925CC91A700C79961 /* AddCommentViewController.swift */,
				9B36F5D825CD702C007515DA /* ThankingViewController.swift */,
				9BAEAAFF25CD78710039DC19 /* SurveyViewController.swift */,
			);
			path = Survey;
			sourceTree = "<group>";
		};
		9B7DCA8F25C9A52300687D45 = {
			isa = PBXGroup;
			children = (
				9B7DCA9A25C9A52300687D45 /* SurveySystem */,
				9B7DCA9925C9A52300687D45 /* Products */,
				865AFE8BCC67AFA77B1E4376 /* Pods */,
				A8506309F2259D726D489D51 /* Frameworks */,
			);
			sourceTree = "<group>";
		};
		9B7DCA9925C9A52300687D45 /* Products */ = {
			isa = PBXGroup;
			children = (
				9B7DCA9825C9A52300687D45 /* SurveySystem.app */,
			);
			name = Products;
			sourceTree = "<group>";
		};
		9B7DCA9A25C9A52300687D45 /* SurveySystem */ = {
			isa = PBXGroup;
			children = (
				9B7DCA9B25C9A52300687D45 /* AppDelegate.swift */,
				9B7DCA9D25C9A52300687D45 /* SceneDelegate.swift */,
				9B2F3B3225C9AD9000B38EA0 /* Networking */,
				9B2F3B3125C9AD8400B38EA0 /* Models */,
				9B2F3B3425C9ADA100B38EA0 /* Views */,
				9B2F3B3325C9AD9800B38EA0 /* Controllers */,
				9B2F3B3825C9AF1000B38EA0 /* Resources */,
				9B2F3B3A25C9AF3700B38EA0 /* Extentions */,
				9B7DCAA425C9A52800687D45 /* Assets.xcassets */,
				9B7DCAA925C9A52800687D45 /* Info.plist */,
			);
			path = SurveySystem;
			sourceTree = "<group>";
		};
		A8506309F2259D726D489D51 /* Frameworks */ = {
			isa = PBXGroup;
			children = (
				32597DCFDA079C8DB1555FFF /* Pods_SurveySystem.framework */,
			);
			name = Frameworks;
			sourceTree = "<group>";
		};
/* End PBXGroup section */

/* Begin PBXNativeTarget section */
		9B7DCA9725C9A52300687D45 /* SurveySystem */ = {
			isa = PBXNativeTarget;
			buildConfigurationList = 9B7DCAAC25C9A52800687D45 /* Build configuration list for PBXNativeTarget "SurveySystem" */;
			buildPhases = (
				4D1E9EE6CFF63E80CA22AEFB /* [CP] Check Pods Manifest.lock */,
				9B7DCA9425C9A52300687D45 /* Sources */,
				9B7DCA9525C9A52300687D45 /* Frameworks */,
				9B7DCA9625C9A52300687D45 /* Resources */,
				DAB1235B4D2A1F79B87B76A1 /* [CP] Embed Pods Frameworks */,
			);
			buildRules = (
			);
			dependencies = (
			);
			name = SurveySystem;
			productName = SurveySystem;
			productReference = 9B7DCA9825C9A52300687D45 /* SurveySystem.app */;
			productType = "com.apple.product-type.application";
		};
/* End PBXNativeTarget section */

/* Begin PBXProject section */
		9B7DCA9025C9A52300687D45 /* Project object */ = {
			isa = PBXProject;
			attributes = {
				LastSwiftUpdateCheck = 1140;
				LastUpgradeCheck = 1140;
				ORGANIZATIONNAME = "Eyad Shokry";
				TargetAttributes = {
					9B7DCA9725C9A52300687D45 = {
						CreatedOnToolsVersion = 11.4;
					};
				};
			};
			buildConfigurationList = 9B7DCA9325C9A52300687D45 /* Build configuration list for PBXProject "SurveySystem" */;
			compatibilityVersion = "Xcode 9.3";
			developmentRegion = ar;
			hasScannedForEncodings = 0;
			knownRegions = (
				ar,
				Base,
			);
			mainGroup = 9B7DCA8F25C9A52300687D45;
			productRefGroup = 9B7DCA9925C9A52300687D45 /* Products */;
			projectDirPath = "";
			projectRoot = "";
			targets = (
				9B7DCA9725C9A52300687D45 /* SurveySystem */,
			);
		};
/* End PBXProject section */

/* Begin PBXResourcesBuildPhase section */
		9B7DCA9625C9A52300687D45 /* Resources */ = {
			isa = PBXResourcesBuildPhase;
			buildActionMask = 2147483647;
			files = (
				9B7DCAA825C9A52800687D45 /* LaunchScreen.storyboard in Resources */,
				9B41A34525CC16DA00AD7A3A /* UserControl.storyboard in Resources */,
				9B41A35125CC623200AD7A3A /* JF-Flat-Regular.ttf in Resources */,
				9B41A35325CC628000AD7A3A /* din-next-lt-w23-regular.ttf in Resources */,
				9B3E67BB25D023F5007385EF /* HomeTableViewCell.xib in Resources */,
				9B7DCAA525C9A52800687D45 /* Assets.xcassets in Resources */,
				9B3E67B525D01497007385EF /* HomeTableViewHeader.xib in Resources */,
				9B41A34A25CC1F9200AD7A3A /* HacenBeirutPoster.ttf in Resources */,
				9B7DCAA325C9A52300687D45 /* Main.storyboard in Resources */,
			);
			runOnlyForDeploymentPostprocessing = 0;
		};
/* End PBXResourcesBuildPhase section */

/* Begin PBXShellScriptBuildPhase section */
		4D1E9EE6CFF63E80CA22AEFB /* [CP] Check Pods Manifest.lock */ = {
			isa = PBXShellScriptBuildPhase;
			buildActionMask = 2147483647;
			files = (
			);
			inputFileListPaths = (
			);
			inputPaths = (
				"${PODS_PODFILE_DIR_PATH}/Podfile.lock",
				"${PODS_ROOT}/Manifest.lock",
			);
			name = "[CP] Check Pods Manifest.lock";
			outputFileListPaths = (
			);
			outputPaths = (
				"$(DERIVED_FILE_DIR)/Pods-SurveySystem-checkManifestLockResult.txt",
			);
			runOnlyForDeploymentPostprocessing = 0;
			shellPath = /bin/sh;
			shellScript = "diff \"${PODS_PODFILE_DIR_PATH}/Podfile.lock\" \"${PODS_ROOT}/Manifest.lock\" > /dev/null\nif [ $? != 0 ] ; then\n    # print error to STDERR\n    echo \"error: The sandbox is not in sync with the Podfile.lock. Run 'pod install' or update your CocoaPods installation.\" >&2\n    exit 1\nfi\n# This output is used by Xcode 'outputs' to avoid re-running this script phase.\necho \"SUCCESS\" > \"${SCRIPT_OUTPUT_FILE_0}\"\n";
			showEnvVarsInLog = 0;
		};
		DAB1235B4D2A1F79B87B76A1 /* [CP] Embed Pods Frameworks */ = {
			isa = PBXShellScriptBuildPhase;
			buildActionMask = 2147483647;
			files = (
			);
			inputFileListPaths = (
				"${PODS_ROOT}/Target Support Files/Pods-SurveySystem/Pods-SurveySystem-frameworks-${CONFIGURATION}-input-files.xcfilelist",
			);
			name = "[CP] Embed Pods Frameworks";
			outputFileListPaths = (
				"${PODS_ROOT}/Target Support Files/Pods-SurveySystem/Pods-SurveySystem-frameworks-${CONFIGURATION}-output-files.xcfilelist",
			);
			runOnlyForDeploymentPostprocessing = 0;
			shellPath = /bin/sh;
			shellScript = "\"${PODS_ROOT}/Target Support Files/Pods-SurveySystem/Pods-SurveySystem-frameworks.sh\"\n";
			showEnvVarsInLog = 0;
		};
/* End PBXShellScriptBuildPhase section */

/* Begin PBXSourcesBuildPhase section */
		9B7DCA9425C9A52300687D45 /* Sources */ = {
			isa = PBXSourcesBuildPhase;
			buildActionMask = 2147483647;
			files = (
				9B42981625CDF98600603F3F /* UIView+Extension.swift in Sources */,
				9B41A34C25CC550000AD7A3A /* RegisterAccountViewController.swift in Sources */,
				9B3E67B925D02395007385EF /* HomeTableViewCell.swift in Sources */,
				9B7DCAA025C9A52300687D45 /* LoginViewController.swift in Sources */,
				9BAEAB0225CD7BD30039DC19 /* UILabel+Extension.swift in Sources */,
				9B36F5D925CD702C007515DA /* ThankingViewController.swift in Sources */,
				9B3E67B725D01500007385EF /* HomeTableViewHeader.swift in Sources */,
				9B7DCA9C25C9A52300687D45 /* AppDelegate.swift in Sources */,
				9B7DCA9E25C9A52300687D45 /* SceneDelegate.swift in Sources */,
				9B2F3B3C25C9B01900B38EA0 /* NetworkingService.swift in Sources */,
				9B39099A25CC91A700C79961 /* AddCommentViewController.swift in Sources */,
				9BAEAB0025CD78710039DC19 /* SurveyViewController.swift in Sources */,
				9B41A34E25CC60E800AD7A3A /* HomeViewController.swift in Sources */,
			);
			runOnlyForDeploymentPostprocessing = 0;
		};
/* End PBXSourcesBuildPhase section */

/* Begin PBXVariantGroup section */
		9B7DCAA125C9A52300687D45 /* Main.storyboard */ = {
			isa = PBXVariantGroup;
			children = (
				9B7DCAA225C9A52300687D45 /* Base */,
			);
			name = Main.storyboard;
			sourceTree = "<group>";
		};
		9B7DCAA625C9A52800687D45 /* LaunchScreen.storyboard */ = {
			isa = PBXVariantGroup;
			children = (
				9B7DCAA725C9A52800687D45 /* Base */,
			);
			name = LaunchScreen.storyboard;
			sourceTree = "<group>";
		};
/* End PBXVariantGroup section */

/* Begin XCBuildConfiguration section */
		9B7DCAAA25C9A52800687D45 /* Debug */ = {
			isa = XCBuildConfiguration;
			buildSettings = {
				ALWAYS_SEARCH_USER_PATHS = NO;
				CLANG_ANALYZER_NONNULL = YES;
				CLANG_ANALYZER_NUMBER_OBJECT_CONVERSION = YES_AGGRESSIVE;
				CLANG_CXX_LANGUAGE_STANDARD = "gnu++14";
				CLANG_CXX_LIBRARY = "libc++";
				CLANG_ENABLE_MODULES = YES;
				CLANG_ENABLE_OBJC_ARC = YES;
				CLANG_ENABLE_OBJC_WEAK = YES;
				CLANG_WARN_BLOCK_CAPTURE_AUTORELEASING = YES;
				CLANG_WARN_BOOL_CONVERSION = YES;
				CLANG_WARN_COMMA = YES;
				CLANG_WARN_CONSTANT_CONVERSION = YES;
				CLANG_WARN_DEPRECATED_OBJC_IMPLEMENTATIONS = YES;
				CLANG_WARN_DIRECT_OBJC_ISA_USAGE = YES_ERROR;
				CLANG_WARN_DOCUMENTATION_COMMENTS = YES;
				CLANG_WARN_EMPTY_BODY = YES;
				CLANG_WARN_ENUM_CONVERSION = YES;
				CLANG_WARN_INFINITE_RECURSION = YES;
				CLANG_WARN_INT_CONVERSION = YES;
				CLANG_WARN_NON_LITERAL_NULL_CONVERSION = YES;
				CLANG_WARN_OBJC_IMPLICIT_RETAIN_SELF = YES;
				CLANG_WARN_OBJC_LITERAL_CONVERSION = YES;
				CLANG_WARN_OBJC_ROOT_CLASS = YES_ERROR;
				CLANG_WARN_RANGE_LOOP_ANALYSIS = YES;
				CLANG_WARN_STRICT_PROTOTYPES = YES;
				CLANG_WARN_SUSPICIOUS_MOVE = YES;
				CLANG_WARN_UNGUARDED_AVAILABILITY = YES_AGGRESSIVE;
				CLANG_WARN_UNREACHABLE_CODE = YES;
				CLANG_WARN__DUPLICATE_METHOD_MATCH = YES;
				COPY_PHASE_STRIP = NO;
				DEBUG_INFORMATION_FORMAT = dwarf;
				ENABLE_STRICT_OBJC_MSGSEND = YES;
				ENABLE_TESTABILITY = YES;
				GCC_C_LANGUAGE_STANDARD = gnu11;
				GCC_DYNAMIC_NO_PIC = NO;
				GCC_NO_COMMON_BLOCKS = YES;
				GCC_OPTIMIZATION_LEVEL = 0;
				GCC_PREPROCESSOR_DEFINITIONS = (
					"DEBUG=1",
					"$(inherited)",
				);
				GCC_WARN_64_TO_32_BIT_CONVERSION = YES;
				GCC_WARN_ABOUT_RETURN_TYPE = YES_ERROR;
				GCC_WARN_UNDECLARED_SELECTOR = YES;
				GCC_WARN_UNINITIALIZED_AUTOS = YES_AGGRESSIVE;
				GCC_WARN_UNUSED_FUNCTION = YES;
				GCC_WARN_UNUSED_VARIABLE = YES;
				IPHONEOS_DEPLOYMENT_TARGET = 13.4;
				MTL_ENABLE_DEBUG_INFO = INCLUDE_SOURCE;
				MTL_FAST_MATH = YES;
				ONLY_ACTIVE_ARCH = YES;
				SDKROOT = iphoneos;
				SWIFT_ACTIVE_COMPILATION_CONDITIONS = DEBUG;
				SWIFT_OPTIMIZATION_LEVEL = "-Onone";
			};
			name = Debug;
		};
		9B7DCAAB25C9A52800687D45 /* Release */ = {
			isa = XCBuildConfiguration;
			buildSettings = {
				ALWAYS_SEARCH_USER_PATHS = NO;
				CLANG_ANALYZER_NONNULL = YES;
				CLANG_ANALYZER_NUMBER_OBJECT_CONVERSION = YES_AGGRESSIVE;
				CLANG_CXX_LANGUAGE_STANDARD = "gnu++14";
				CLANG_CXX_LIBRARY = "libc++";
				CLANG_ENABLE_MODULES = YES;
				CLANG_ENABLE_OBJC_ARC = YES;
				CLANG_ENABLE_OBJC_WEAK = YES;
				CLANG_WARN_BLOCK_CAPTURE_AUTORELEASING = YES;
				CLANG_WARN_BOOL_CONVERSION = YES;
				CLANG_WARN_COMMA = YES;
				CLANG_WARN_CONSTANT_CONVERSION = YES;
				CLANG_WARN_DEPRECATED_OBJC_IMPLEMENTATIONS = YES;
				CLANG_WARN_DIRECT_OBJC_ISA_USAGE = YES_ERROR;
				CLANG_WARN_DOCUMENTATION_COMMENTS = YES;
				CLANG_WARN_EMPTY_BODY = YES;
				CLANG_WARN_ENUM_CONVERSION = YES;
				CLANG_WARN_INFINITE_RECURSION = YES;
				CLANG_WARN_INT_CONVERSION = YES;
				CLANG_WARN_NON_LITERAL_NULL_CONVERSION = YES;
				CLANG_WARN_OBJC_IMPLICIT_RETAIN_SELF = YES;
				CLANG_WARN_OBJC_LITERAL_CONVERSION = YES;
				CLANG_WARN_OBJC_ROOT_CLASS = YES_ERROR;
				CLANG_WARN_RANGE_LOOP_ANALYSIS = YES;
				CLANG_WARN_STRICT_PROTOTYPES = YES;
				CLANG_WARN_SUSPICIOUS_MOVE = YES;
				CLANG_WARN_UNGUARDED_AVAILABILITY = YES_AGGRESSIVE;
				CLANG_WARN_UNREACHABLE_CODE = YES;
				CLANG_WARN__DUPLICATE_METHOD_MATCH = YES;
				COPY_PHASE_STRIP = NO;
				DEBUG_INFORMATION_FORMAT = "dwarf-with-dsym";
				ENABLE_NS_ASSERTIONS = NO;
				ENABLE_STRICT_OBJC_MSGSEND = YES;
				GCC_C_LANGUAGE_STANDARD = gnu11;
				GCC_NO_COMMON_BLOCKS = YES;
				GCC_WARN_64_TO_32_BIT_CONVERSION = YES;
				GCC_WARN_ABOUT_RETURN_TYPE = YES_ERROR;
				GCC_WARN_UNDECLARED_SELECTOR = YES;
				GCC_WARN_UNINITIALIZED_AUTOS = YES_AGGRESSIVE;
				GCC_WARN_UNUSED_FUNCTION = YES;
				GCC_WARN_UNUSED_VARIABLE = YES;
				IPHONEOS_DEPLOYMENT_TARGET = 13.4;
				MTL_ENABLE_DEBUG_INFO = NO;
				MTL_FAST_MATH = YES;
				SDKROOT = iphoneos;
				SWIFT_COMPILATION_MODE = wholemodule;
				SWIFT_OPTIMIZATION_LEVEL = "-O";
				VALIDATE_PRODUCT = YES;
			};
			name = Release;
		};
		9B7DCAAD25C9A52800687D45 /* Debug */ = {
			isa = XCBuildConfiguration;
			baseConfigurationReference = 09E098C3E7998B480326AD61 /* Pods-SurveySystem.debug.xcconfig */;
			buildSettings = {
				ASSETCATALOG_COMPILER_APPICON_NAME = AppIcon;
				CODE_SIGN_STYLE = Automatic;
				DEVELOPMENT_TEAM = A2Q9DC3AJW;
				INFOPLIST_FILE = SurveySystem/Info.plist;
				LD_RUNPATH_SEARCH_PATHS = (
					"$(inherited)",
					"@executable_path/Frameworks",
				);
				PRODUCT_BUNDLE_IDENTIFIER = Eyad.SurveySystem;
				PRODUCT_NAME = "$(TARGET_NAME)";
				SWIFT_VERSION = 5.0;
				TARGETED_DEVICE_FAMILY = "1,2";
			};
			name = Debug;
		};
		9B7DCAAE25C9A52800687D45 /* Release */ = {
			isa = XCBuildConfiguration;
			baseConfigurationReference = 15AAAE52881FF40425E6C744 /* Pods-SurveySystem.release.xcconfig */;
			buildSettings = {
				ASSETCATALOG_COMPILER_APPICON_NAME = AppIcon;
				CODE_SIGN_STYLE = Automatic;
				DEVELOPMENT_TEAM = A2Q9DC3AJW;
				INFOPLIST_FILE = SurveySystem/Info.plist;
				LD_RUNPATH_SEARCH_PATHS = (
					"$(inherited)",
					"@executable_path/Frameworks",
				);
				PRODUCT_BUNDLE_IDENTIFIER = Eyad.SurveySystem;
				PRODUCT_NAME = "$(TARGET_NAME)";
				SWIFT_VERSION = 5.0;
				TARGETED_DEVICE_FAMILY = "1,2";
			};
			name = Release;
		};
/* End XCBuildConfiguration section */

/* Begin XCConfigurationList section */
		9B7DCA9325C9A52300687D45 /* Build configuration list for PBXProject "SurveySystem" */ = {
			isa = XCConfigurationList;
			buildConfigurations = (
				9B7DCAAA25C9A52800687D45 /* Debug */,
				9B7DCAAB25C9A52800687D45 /* Release */,
			);
			defaultConfigurationIsVisible = 0;
			defaultConfigurationName = Release;
		};
		9B7DCAAC25C9A52800687D45 /* Build configuration list for PBXNativeTarget "SurveySystem" */ = {
			isa = XCConfigurationList;
			buildConfigurations = (
				9B7DCAAD25C9A52800687D45 /* Debug */,
				9B7DCAAE25C9A52800687D45 /* Release */,
			);
			defaultConfigurationIsVisible = 0;
			defaultConfigurationName = Release;
		};
/* End XCConfigurationList section */
	};
	rootObject = 9B7DCA9025C9A52300687D45 /* Project object */;
}
